
Microsoft Visual Studio Solution File, Format Version 12.00
# Visual Studio 15
VisualStudioVersion = 15.0.27004.2009
MinimumVisualStudioVersion = 10.0.40219.1
Project("{9A19103F-16F7-4668-BE54-9A1E7A4F7556}") = "ConsoleApp1", "ConsoleApp1\ConsoleApp1.csproj", "{4E011C9B-04C5-4903-8977-3279F3BA8DE1}"
EndProject
Project("{9A19103F-16F7-4668-BE54-9A1E7A4F7556}") = "Microservice.A", "Microservice.A\Microservice.A.csproj", "{9E371C66-B83E-4728-8D7F-57F7451DF78A}"
EndProject
Project("{9A19103F-16F7-4668-BE54-9A1E7A4F7556}") = "Microservice.B", "Microservice.B\Microservice.B.csproj", "{031E5E00-4648-41C6-99FA-3DB62BF2C2D0}"
EndProject
Project("{9A19103F-16F7-4668-BE54-9A1E7A4F7556}") = "Microservice.Common", "Microservice.Common\Microservice.Common.csproj", "{63684A79-FC2C-413B-95C2-2AB68F108893}"
EndProject
Project("{9A19103F-16F7-4668-BE54-9A1E7A4F7556}") = "Microservice.C", "Microservice.C\Microservice.C.csproj", "{C659CB48-EF93-4C1C-8033-3A3BBFBF1169}"
EndProject
Project("{9A19103F-16F7-4668-BE54-9A1E7A4F7556}") = "Microservice.UnitTest", "Microservice.UnitTest\Microservice.UnitTest.csproj", "{5317C40F-EAD0-47E7-A4E5-E67B15DE123E}"
EndProject
Project("{9A19103F-16F7-4668-BE54-9A1E7A4F7556}") = "WebApplication", "WebApplication\WebApplication.csproj", "{46522A55-5B6F-4CF8-9314-60D863214A96}"
EndProject
Global
	GlobalSection(SolutionConfigurationPlatforms) = preSolution
		Debug|Any CPU = Debug|Any CPU
		Release|Any CPU = Release|Any CPU
	EndGlobalSection
	GlobalSection(ProjectConfigurationPlatforms) = postSolution
		{4E011C9B-04C5-4903-8977-3279F3BA8DE1}.Debug|Any CPU.ActiveCfg = Debug|Any CPU
		{4E011C9B-04C5-4903-8977-3279F3BA8DE1}.Debug|Any CPU.Build.0 = Debug|Any CPU
		{4E011C9B-04C5-4903-8977-3279F3BA8DE1}.Release|Any CPU.ActiveCfg = Release|Any CPU
		{4E011C9B-04C5-4903-8977-3279F3BA8DE1}.Release|Any CPU.Build.0 = Release|Any CPU
		{9E371C66-B83E-4728-8D7F-57F7451DF78A}.Debug|Any CPU.ActiveCfg = Debug|Any CPU
		{9E371C66-B83E-4728-8D7F-57F7451DF78A}.Debug|Any CPU.Build.0 = Debug|Any CPU
		{9E371C66-B83E-4728-8D7F-57F7451DF78A}.Release|Any CPU.ActiveCfg = Release|Any CPU
		{9E371C66-B83E-4728-8D7F-57F7451DF78A}.Release|Any CPU.Build.0 = Release|Any CPU
		{031E5E00-4648-41C6-99FA-3DB62BF2C2D0}.Debug|Any CPU.ActiveCfg = Debug|Any CPU
		{031E5E00-4648-41C6-99FA-3DB62BF2C2D0}.Debug|Any CPU.Build.0 = Debug|Any CPU
		{031E5E00-4648-41C6-99FA-3DB62BF2C2D0}.Release|Any CPU.ActiveCfg = Release|Any CPU
		{031E5E00-4648-41C6-99FA-3DB62BF2C2D0}.Release|Any CPU.Build.0 = Release|Any CPU
		{63684A79-FC2C-413B-95C2-2AB68F108893}.Debug|Any CPU.ActiveCfg = Debug|Any CPU
		{63684A79-FC2C-413B-95C2-2AB68F108893}.Debug|Any CPU.Build.0 = Debug|Any CPU
		{63684A79-FC2C-413B-95C2-2AB68F108893}.Release|Any CPU.ActiveCfg = Release|Any CPU
		{63684A79-FC2C-413B-95C2-2AB68F108893}.Release|Any CPU.Build.0 = Release|Any CPU
		{C659CB48-EF93-4C1C-8033-3A3BBFBF1169}.Debug|Any CPU.ActiveCfg = Debug|Any CPU
		{C659CB48-EF93-4C1C-8033-3A3BBFBF1169}.Debug|Any CPU.Build.0 = Debug|Any CPU
		{C659CB48-EF93-4C1C-8033-3A3BBFBF1169}.Release|Any CPU.ActiveCfg = Release|Any CPU
		{C659CB48-EF93-4C1C-8033-3A3BBFBF1169}.Release|Any CPU.Build.0 = Release|Any CPU
		{5317C40F-EAD0-47E7-A4E5-E67B15DE123E}.Debug|Any CPU.ActiveCfg = Debug|Any CPU
		{5317C40F-EAD0-47E7-A4E5-E67B15DE123E}.Debug|Any CPU.Build.0 = Debug|Any CPU
		{5317C40F-EAD0-47E7-A4E5-E67B15DE123E}.Release|Any CPU.ActiveCfg = Release|Any CPU
		{5317C40F-EAD0-47E7-A4E5-E67B15DE123E}.Release|Any CPU.Build.0 = Release|Any CPU
		{46522A55-5B6F-4CF8-9314-60D863214A96}.Debug|Any CPU.ActiveCfg = Debug|Any CPU
		{46522A55-5B6F-4CF8-9314-60D863214A96}.Debug|Any CPU.Build.0 = Debug|Any CPU
		{46522A55-5B6F-4CF8-9314-60D863214A96}.Release|Any CPU.ActiveCfg = Release|Any CPU
		{46522A55-5B6F-4CF8-9314-60D863214A96}.Release|Any CPU.Build.0 = Release|Any CPU
	EndGlobalSection
	GlobalSection(SolutionProperties) = preSolution
		HideSolutionNode = FALSE
	EndGlobalSection
	GlobalSection(ExtensibilityGlobals) = postSolution
		SolutionGuid = {74978CC8-A021-404E-A6B0-D69D4A0CEA55}
	EndGlobalSection
EndGlobal
