
Microsoft Visual Studio Solution File, Format Version 12.00
# Visual Studio 15
VisualStudioVersion = 15.0.27004.2009
MinimumVisualStudioVersion = 10.0.40219.1
Project("{9A19103F-16F7-4668-BE54-9A1E7A4F7556}") = "ConsoleApp1", "ConsoleApp1\ConsoleApp1.csproj", "{4E011C9B-04C5-4903-8977-3279F3BA8DE1}"
EndProject
Project("{FAE04EC0-301F-11D3-BF4B-00C04F79EFBC}") = "Microservice.A", "Microservice.A\Microservice.A.csproj", "{9E371C66-B83E-4728-8D7F-57F7451DF78A}"
EndProject
Project("{FAE04EC0-301F-11D3-BF4B-00C04F79EFBC}") = "Microservice.B", "Microservice.B\Microservice.B.csproj", "{031E5E00-4648-41C6-99FA-3DB62BF2C2D0}"
EndProject
Project("{FAE04EC0-301F-11D3-BF4B-00C04F79EFBC}") = "Microservice.Common", "Microservice.Common\Microservice.Common.csproj", "{63684A79-FC2C-413B-95C2-2AB68F108893}"
EndProject
Global
	GlobalSection(SolutionConfigurationPlatforms) = preSolution
		Debug|Any CPU = Debug|Any CPU
		Release|Any CPU = Release|Any CPU
	EndGlobalSection
	GlobalSection(ProjectConfigurationPlatforms) = postSolution
		{4E011C9B-04C5-4903-8977-3279F3BA8DE1}.Debug|Any CPU.ActiveCfg = Debug|Any CPU
		{4E011C9B-04C5-4903-8977-3279F3BA8DE1}.Debug|Any CPU.Build.0 = Debug|Any CPU
		{4E011C9B-04C5-4903-8977-3279F3BA8DE1}.Release|Any CPU.ActiveCfg = Release|Any CPU
		{4E011C9B-04C5-4903-8977-3279F3BA8DE1}.Release|Any CPU.Build.0 = Release|Any CPU
		{9E371C66-B83E-4728-8D7F-57F7451DF78A}.Debug|Any CPU.ActiveCfg = Debug|Any CPU
		{9E371C66-B83E-4728-8D7F-57F7451DF78A}.Debug|Any CPU.Build.0 = Debug|Any CPU
		{9E371C66-B83E-4728-8D7F-57F7451DF78A}.Release|Any CPU.ActiveCfg = Release|Any CPU
		{9E371C66-B83E-4728-8D7F-57F7451DF78A}.Release|Any CPU.Build.0 = Release|Any CPU
		{031E5E00-4648-41C6-99FA-3DB62BF2C2D0}.Debug|Any CPU.ActiveCfg = Debug|Any CPU
		{031E5E00-4648-41C6-99FA-3DB62BF2C2D0}.Debug|Any CPU.Build.0 = Debug|Any CPU
		{031E5E00-4648-41C6-99FA-3DB62BF2C2D0}.Release|Any CPU.ActiveCfg = Release|Any CPU
		{031E5E00-4648-41C6-99FA-3DB62BF2C2D0}.Release|Any CPU.Build.0 = Release|Any CPU
		{63684A79-FC2C-413B-95C2-2AB68F108893}.Debug|Any CPU.ActiveCfg = Debug|Any CPU
		{63684A79-FC2C-413B-95C2-2AB68F108893}.Debug|Any CPU.Build.0 = Debug|Any CPU
		{63684A79-FC2C-413B-95C2-2AB68F108893}.Release|Any CPU.ActiveCfg = Release|Any CPU
		{63684A79-FC2C-413B-95C2-2AB68F108893}.Release|Any CPU.Build.0 = Release|Any CPU
	EndGlobalSection
	GlobalSection(SolutionProperties) = preSolution
		HideSolutionNode = FALSE
	EndGlobalSection
	GlobalSection(ExtensibilityGlobals) = postSolution
		SolutionGuid = {74978CC8-A021-404E-A6B0-D69D4A0CEA55}
	EndGlobalSection
EndGlobal
